
Microsoft Visual Studio Solution File, Format Version 12.00
# Visual Studio Version 17
VisualStudioVersion = 17.0.32014.148
MinimumVisualStudioVersion = 10.0.40219.1
Project("{FAE04EC0-301F-11D3-BF4B-00C04F79EFBC}") = "IntelligentTransport", "IntelligentTransport\IntelligentTransport.csproj", "{FFA5190B-EABB-4A59-AEA1-90E5E3F31251}"
EndProject
Project("{FAE04EC0-301F-11D3-BF4B-00C04F79EFBC}") = "VoidMiner", "VoidMiner\VoidMiner.csproj", "{295B38CA-229D-4CE3-BA0A-4085AA2473EB}"
EndProject
Global
	GlobalSection(SolutionConfigurationPlatforms) = preSolution
		Debug|Any CPU = Debug|Any CPU
		Release|Any CPU = Release|Any CPU
	EndGlobalSection
	GlobalSection(ProjectConfigurationPlatforms) = postSolution
		{FFA5190B-EABB-4A59-AEA1-90E5E3F31251}.Debug|Any CPU.ActiveCfg = Debug|Any CPU
		{FFA5190B-EABB-4A59-AEA1-90E5E3F31251}.Debug|Any CPU.Build.0 = Debug|Any CPU
		{FFA5190B-EABB-4A59-AEA1-90E5E3F31251}.Release|Any CPU.ActiveCfg = Release|Any CPU
		{FFA5190B-EABB-4A59-AEA1-90E5E3F31251}.Release|Any CPU.Build.0 = Release|Any CPU
		{295B38CA-229D-4CE3-BA0A-4085AA2473EB}.Debug|Any CPU.ActiveCfg = Debug|Any CPU
		{295B38CA-229D-4CE3-BA0A-4085AA2473EB}.Debug|Any CPU.Build.0 = Debug|Any CPU
		{295B38CA-229D-4CE3-BA0A-4085AA2473EB}.Release|Any CPU.ActiveCfg = Release|Any CPU
		{295B38CA-229D-4CE3-BA0A-4085AA2473EB}.Release|Any CPU.Build.0 = Release|Any CPU
	EndGlobalSection
	GlobalSection(SolutionProperties) = preSolution
		HideSolutionNode = FALSE
	EndGlobalSection
	GlobalSection(ExtensibilityGlobals) = postSolution
		SolutionGuid = {2CA4C402-F345-4DA1-92E2-0D3742BFCD68}
	EndGlobalSection
EndGlobal
